// !$*UTF8*$!
{
	archiveVersion = 1;
	classes = {
	};
	objectVersion = 46;
	objects = {

/* Begin PBXBuildFile section */
		CDD7BB221DC208A50007813C /* main.m in Sources */ = {isa = PBXBuildFile; fileRef = CDD7BB211DC208A50007813C /* main.m */; };
		CDD7BB251DC208A50007813C /* AppDelegate.m in Sources */ = {isa = PBXBuildFile; fileRef = CDD7BB241DC208A50007813C /* AppDelegate.m */; };
		CDD7BB281DC208A50007813C /* ViewController.m in Sources */ = {isa = PBXBuildFile; fileRef = CDD7BB271DC208A50007813C /* ViewController.m */; };
		CDD7BB2B1DC208A50007813C /* Main.storyboard in Resources */ = {isa = PBXBuildFile; fileRef = CDD7BB291DC208A50007813C /* Main.storyboard */; };
		CDD7BB2D1DC208A50007813C /* Assets.xcassets in Resources */ = {isa = PBXBuildFile; fileRef = CDD7BB2C1DC208A50007813C /* Assets.xcassets */; };
		CDD7BB301DC208A50007813C /* LaunchScreen.storyboard in Resources */ = {isa = PBXBuildFile; fileRef = CDD7BB2E1DC208A50007813C /* LaunchScreen.storyboard */; };
/* End PBXBuildFile section */

/* Begin PBXFileReference section */
		CDD7BB1D1DC208A50007813C /* Exam3.app */ = {isa = PBXFileReference; explicitFileType = wrapper.application; includeInIndex = 0; path = Exam3.app; sourceTree = BUILT_PRODUCTS_DIR; };
		CDD7BB211DC208A50007813C /* main.m */ = {isa = PBXFileReference; lastKnownFileType = sourcecode.c.objc; path = main.m; sourceTree = "<group>"; };
		CDD7BB231DC208A50007813C /* AppDelegate.h */ = {isa = PBXFileReference; lastKnownFileType = sourcecode.c.h; path = AppDelegate.h; sourceTree = "<group>"; };
		CDD7BB241DC208A50007813C /* AppDelegate.m */ = {isa = PBXFileReference; lastKnownFileType = sourcecode.c.objc; path = AppDelegate.m; sourceTree = "<group>"; };
		CDD7BB261DC208A50007813C /* ViewController.h */ = {isa = PBXFileReference; lastKnownFileType = sourcecode.c.h; path = ViewController.h; sourceTree = "<group>"; };
		CDD7BB271DC208A50007813C /* ViewController.m */ = {isa = PBXFileReference; lastKnownFileType = sourcecode.c.objc; path = ViewController.m; sourceTree = "<group>"; };
		CDD7BB2A1DC208A50007813C /* Base */ = {isa = PBXFileReference; lastKnownFileType = file.storyboard; name = Base; path = Base.lproj/Main.storyboard; sourceTree = "<group>"; };
		CDD7BB2C1DC208A50007813C /* Assets.xcassets */ = {isa = PBXFileReference; lastKnownFileType = folder.assetcatalog; path = Assets.xcassets; sourceTree = "<group>"; };
		CDD7BB2F1DC208A50007813C /* Base */ = {isa = PBXFileReference; lastKnownFileType = file.storyboard; name = Base; path = Base.lproj/LaunchScreen.storyboard; sourceTree = "<group>"; };
		CDD7BB311DC208A50007813C /* Info.plist */ = {isa = PBXFileReference; lastKnownFileType = text.plist.xml; path = Info.plist; sourceTree = "<group>"; };
/* End PBXFileReference section */

/* Begin PBXFrameworksBuildPhase section */
		CDD7BB1A1DC208A50007813C /* Frameworks */ = {
			isa = PBXFrameworksBuildPhase;
			buildActionMask = 2147483647;
			files = (
			);
			runOnlyForDeploymentPostprocessing = 0;
		};
/* End PBXFrameworksBuildPhase section */

/* Begin PBXGroup section */
		CDD7BB141DC208A50007813C = {
			isa = PBXGroup;
			children = (
				CDD7BB1F1DC208A50007813C /* Exam3 */,
				CDD7BB1E1DC208A50007813C /* Products */,
			);
			sourceTree = "<group>";
		};
		CDD7BB1E1DC208A50007813C /* Products */ = {
			isa = PBXGroup;
			children = (
				CDD7BB1D1DC208A50007813C /* Exam3.app */,
			);
			name = Products;
			sourceTree = "<group>";
		};
		CDD7BB1F1DC208A50007813C /* Exam3 */ = {
			isa = PBXGroup;
			children = (
				CDD7BB231DC208A50007813C /* AppDelegate.h */,
				CDD7BB241DC208A50007813C /* AppDelegate.m */,
				CDD7BB261DC208A50007813C /* ViewController.h */,
				CDD7BB271DC208A50007813C /* ViewController.m */,
				CDD7BB291DC208A50007813C /* Main.storyboard */,
				CDD7BB2C1DC208A50007813C /* Assets.xcassets */,
				CDD7BB2E1DC208A50007813C /* LaunchScreen.storyboard */,
				CDD7BB311DC208A50007813C /* Info.plist */,
				CDD7BB201DC208A50007813C /* Supporting Files */,
			);
			path = Exam3;
			sourceTree = "<group>";
		};
		CDD7BB201DC208A50007813C /* Supporting Files */ = {
			isa = PBXGroup;
			children = (
				CDD7BB211DC208A50007813C /* main.m */,
			);
			name = "Supporting Files";
			sourceTree = "<group>";
		};
/* End PBXGroup section */

/* Begin PBXNativeTarget section */
		CDD7BB1C1DC208A50007813C /* Exam3 */ = {
			isa = PBXNativeTarget;
			buildConfigurationList = CDD7BB341DC208A50007813C /* Build configuration list for PBXNativeTarget "Exam3" */;
			buildPhases = (
				CDD7BB191DC208A50007813C /* Sources */,
				CDD7BB1A1DC208A50007813C /* Frameworks */,
				CDD7BB1B1DC208A50007813C /* Resources */,
			);
			buildRules = (
			);
			dependencies = (
			);
			name = Exam3;
			productName = Exam3;
			productReference = CDD7BB1D1DC208A50007813C /* Exam3.app */;
			productType = "com.apple.product-type.application";
		};
/* End PBXNativeTarget section */

/* Begin PBXProject section */
		CDD7BB151DC208A50007813C /* Project object */ = {
			isa = PBXProject;
			attributes = {
				LastUpgradeCheck = 0730;
				ORGANIZATIONNAME = SWUComputer;
				TargetAttributes = {
					CDD7BB1C1DC208A50007813C = {
						CreatedOnToolsVersion = 7.3.1;
					};
				};
			};
			buildConfigurationList = CDD7BB181DC208A50007813C /* Build configuration list for PBXProject "Exam3" */;
			compatibilityVersion = "Xcode 3.2";
			developmentRegion = English;
			hasScannedForEncodings = 0;
			knownRegions = (
				en,
				Base,
			);
			mainGroup = CDD7BB141DC208A50007813C;
			productRefGroup = CDD7BB1E1DC208A50007813C /* Products */;
			projectDirPath = "";
			projectRoot = "";
			targets = (
				CDD7BB1C1DC208A50007813C /* Exam3 */,
			);
		};
/* End PBXProject section */

/* Begin PBXResourcesBuildPhase section */
		CDD7BB1B1DC208A50007813C /* Resources */ = {
			isa = PBXResourcesBuildPhase;
			buildActionMask = 2147483647;
			files = (
				CDD7BB301DC208A50007813C /* LaunchScreen.storyboard in Resources */,
				CDD7BB2D1DC208A50007813C /* Assets.xcassets in Resources */,
				CDD7BB2B1DC208A50007813C /* Main.storyboard in Resources */,
			);
			runOnlyForDeploymentPostprocessing = 0;
		};
/* End PBXResourcesBuildPhase section */

/* Begin PBXSourcesBuildPhase section */
		CDD7BB191DC208A50007813C /* Sources */ = {
			isa = PBXSourcesBuildPhase;
			buildActionMask = 2147483647;
			files = (
				CDD7BB281DC208A50007813C /* ViewController.m in Sources */,
				CDD7BB251DC208A50007813C /* AppDelegate.m in Sources */,
				CDD7BB221DC208A50007813C /* main.m in Sources */,
			);
			runOnlyForDeploymentPostprocessing = 0;
		};
/* End PBXSourcesBuildPhase section */

/* Begin PBXVariantGroup section */
		CDD7BB291DC208A50007813C /* Main.storyboard */ = {
			isa = PBXVariantGroup;
			children = (
				CDD7BB2A1DC208A50007813C /* Base */,
			);
			name = Main.storyboard;
			sourceTree = "<group>";
		};
		CDD7BB2E1DC208A50007813C /* LaunchScreen.storyboard */ = {
			isa = PBXVariantGroup;
			children = (
				CDD7BB2F1DC208A50007813C /* Base */,
			);
			name = LaunchScreen.storyboard;
			sourceTree = "<group>";
		};
/* End PBXVariantGroup section */

/* Begin XCBuildConfiguration section */
		CDD7BB321DC208A50007813C /* Debug */ = {
			isa = XCBuildConfiguration;
			buildSettings = {
				ALWAYS_SEARCH_USER_PATHS = NO;
				CLANG_ANALYZER_NONNULL = YES;
				CLANG_CXX_LANGUAGE_STANDARD = "gnu++0x";
				CLANG_CXX_LIBRARY = "libc++";
				CLANG_ENABLE_MODULES = YES;
				CLANG_ENABLE_OBJC_ARC = YES;
				CLANG_WARN_BOOL_CONVERSION = YES;
				CLANG_WARN_CONSTANT_CONVERSION = YES;
				CLANG_WARN_DIRECT_OBJC_ISA_USAGE = YES_ERROR;
				CLANG_WARN_EMPTY_BODY = YES;
				CLANG_WARN_ENUM_CONVERSION = YES;
				CLANG_WARN_INT_CONVERSION = YES;
				CLANG_WARN_OBJC_ROOT_CLASS = YES_ERROR;
				CLANG_WARN_UNREACHABLE_CODE = YES;
				CLANG_WARN__DUPLICATE_METHOD_MATCH = YES;
				"CODE_SIGN_IDENTITY[sdk=iphoneos*]" = "iPhone Developer";
				COPY_PHASE_STRIP = NO;
				DEBUG_INFORMATION_FORMAT = dwarf;
				ENABLE_STRICT_OBJC_MSGSEND = YES;
				ENABLE_TESTABILITY = YES;
				GCC_C_LANGUAGE_STANDARD = gnu99;
				GCC_DYNAMIC_NO_PIC = NO;
				GCC_NO_COMMON_BLOCKS = YES;
				GCC_OPTIMIZATION_LEVEL = 0;
				GCC_PREPROCESSOR_DEFINITIONS = (
					"DEBUG=1",
					"$(inherited)",
				);
				GCC_WARN_64_TO_32_BIT_CONVERSION = YES;
				GCC_WARN_ABOUT_RETURN_TYPE = YES_ERROR;
				GCC_WARN_UNDECLARED_SELECTOR = YES;
				GCC_WARN_UNINITIALIZED_AUTOS = YES_AGGRESSIVE;
				GCC_WARN_UNUSED_FUNCTION = YES;
				GCC_WARN_UNUSED_VARIABLE = YES;
				IPHONEOS_DEPLOYMENT_TARGET = 9.3;
				MTL_ENABLE_DEBUG_INFO = YES;
				ONLY_ACTIVE_ARCH = YES;
				SDKROOT = iphoneos;
			};
			name = Debug;
		};
		CDD7BB331DC208A50007813C /* Release */ = {
			isa = XCBuildConfiguration;
			buildSettings = {
				ALWAYS_SEARCH_USER_PATHS = NO;
				CLANG_ANALYZER_NONNULL = YES;
				CLANG_CXX_LANGUAGE_STANDARD = "gnu++0x";
				CLANG_CXX_LIBRARY = "libc++";
				CLANG_ENABLE_MODULES = YES;
				CLANG_ENABLE_OBJC_ARC = YES;
				CLANG_WARN_BOOL_CONVERSION = YES;
				CLANG_WARN_CONSTANT_CONVERSION = YES;
				CLANG_WARN_DIRECT_OBJC_ISA_USAGE = YES_ERROR;
				CLANG_WARN_EMPTY_BODY = YES;
				CLANG_WARN_ENUM_CONVERSION = YES;
				CLANG_WARN_INT_CONVERSION = YES;
				CLANG_WARN_OBJC_ROOT_CLASS = YES_ERROR;
				CLANG_WARN_UNREACHABLE_CODE = YES;
				CLANG_WARN__DUPLICATE_METHOD_MATCH = YES;
				"CODE_SIGN_IDENTITY[sdk=iphoneos*]" = "iPhone Developer";
				COPY_PHASE_STRIP = NO;
				DEBUG_INFORMATION_FORMAT = "dwarf-with-dsym";
				ENABLE_NS_ASSERTIONS = NO;
				ENABLE_STRICT_OBJC_MSGSEND = YES;
				GCC_C_LANGUAGE_STANDARD = gnu99;
				GCC_NO_COMMON_BLOCKS = YES;
				GCC_WARN_64_TO_32_BIT_CONVERSION = YES;
				GCC_WARN_ABOUT_RETURN_TYPE = YES_ERROR;
				GCC_WARN_UNDECLARED_SELECTOR = YES;
				GCC_WARN_UNINITIALIZED_AUTOS = YES_AGGRESSIVE;
				GCC_WARN_UNUSED_FUNCTION = YES;
				GCC_WARN_UNUSED_VARIABLE = YES;
				IPHONEOS_DEPLOYMENT_TARGET = 9.3;
				MTL_ENABLE_DEBUG_INFO = NO;
				SDKROOT = iphoneos;
				VALIDATE_PRODUCT = YES;
			};
			name = Release;
		};
		CDD7BB351DC208A50007813C /* Debug */ = {
			isa = XCBuildConfiguration;
			buildSettings = {
				ASSETCATALOG_COMPILER_APPICON_NAME = AppIcon;
				INFOPLIST_FILE = Exam3/Info.plist;
				LD_RUNPATH_SEARCH_PATHS = "$(inherited) @executable_path/Frameworks";
				PRODUCT_BUNDLE_IDENTIFIER = swu.ac.kr.Exam3;
				PRODUCT_NAME = "$(TARGET_NAME)";
			};
			name = Debug;
		};
		CDD7BB361DC208A50007813C /* Release */ = {
			isa = XCBuildConfiguration;
			buildSettings = {
				ASSETCATALOG_COMPILER_APPICON_NAME = AppIcon;
				INFOPLIST_FILE = Exam3/Info.plist;
				LD_RUNPATH_SEARCH_PATHS = "$(inherited) @executable_path/Frameworks";
				PRODUCT_BUNDLE_IDENTIFIER = swu.ac.kr.Exam3;
				PRODUCT_NAME = "$(TARGET_NAME)";
			};
			name = Release;
		};
/* End XCBuildConfiguration section */

/* Begin XCConfigurationList section */
		CDD7BB181DC208A50007813C /* Build configuration list for PBXProject "Exam3" */ = {
			isa = XCConfigurationList;
			buildConfigurations = (
				CDD7BB321DC208A50007813C /* Debug */,
				CDD7BB331DC208A50007813C /* Release */,
			);
			defaultConfigurationIsVisible = 0;
			defaultConfigurationName = Release;
		};
		CDD7BB341DC208A50007813C /* Build configuration list for PBXNativeTarget "Exam3" */ = {
			isa = XCConfigurationList;
			buildConfigurations = (
				CDD7BB351DC208A50007813C /* Debug */,
				CDD7BB361DC208A50007813C /* Release */,
			);
			defaultConfigurationIsVisible = 0;
		};
/* End XCConfigurationList section */
	};
	rootObject = CDD7BB151DC208A50007813C /* Project object */;
}
